{
  "name": "ChainForge",
  "lockfileVersion": 3,
  "requires": true,
  "packages": {
    "": {
      "dependencies": {
        "wink-eng-lite-web-model": "^1.5.0"
      }
    },
    "node_modules/wink-eng-lite-web-model": {
      "version": "1.5.0",
      "resolved": "https://registry.npmjs.org/wink-eng-lite-web-model/-/wink-eng-lite-web-model-1.5.0.tgz",
      "integrity": "sha512-5t27uqKRpQVyjb+ztIabmD2m76ct+5NP9e3TVxla4GBQzgPJnAHCynPw4KQa42BNn5xxi7b7E9P3akSFiYWHbg==",
      "engines": {
        "node": ">=16.0.0"
      },
      "peerDependencies": {
        "wink-nlp": ">1.8.1"
      }
    },
    "node_modules/wink-nlp": {
      "version": "1.14.3",
      "resolved": "https://registry.npmjs.org/wink-nlp/-/wink-nlp-1.14.3.tgz",
      "integrity": "sha512-lvY5iCs3T8I34F8WKS70+2P0U9dWLn3vdPf/Z+m2VK14N7OmqnPzmHfh3moHdusajoQ37Em39z0IZB9K4x/96A==",
      "peer": true
    }
  }
}
